{
    "_meta": {
        "hash": {
            "sha256": "1aae7fdcd25bf964ac335d2d956a04c6e7fbe5c3385ed0e5ad545d50409f1647"
        },
        "pipfile-spec": 6,
        "requires": {
            "python_version": "3.11"
        },
        "sources": [
            {
                "name": "pypi",
                "url": "https://pypi.org/simple",
                "verify_ssl": true
            }
        ]
    },
    "default": {
        "argparse": {
            "hashes": [
                "sha256:62b089a55be1d8949cd2bc7e0df0bddb9e028faefc8c32038cc84862aefdd6e4",
                "sha256:c31647edb69fd3d465a847ea3157d37bed1f95f19760b11a47aa91c04b666314"
            ],
            "index": "pypi",
            "version": "==1.4.0"
        },
        "fire": {
            "hashes": [
                "sha256:a6b0d49e98c8963910021f92bba66f65ab440da2982b78eb1bbf95a0a34aacc6"
            ],
            "index": "pypi",
            "version": "==0.5.0"
        },
        "pika": {
            "hashes": [
                "sha256:0779a7c1fafd805672796085560d290213a465e4f6f76a6fb19e378d8041a14f",
                "sha256:b2a327ddddf8570b4965b3576ac77091b850262d34ce8c1d8cb4e4146aa4145f"
            ],
            "index": "pypi",
            "markers": "python_version >= '3.7'",
            "version": "==1.3.2"
        },
        "six": {
            "hashes": [
                "sha256:1e61c37477a1626458e36f7b1d82aa5c9b094fa4802892072e49de9c60c4c926",
                "sha256:8abb2f1d86890a2dfb989f9a77cfcfd3e47c2a354b01111771326f8aa26e0254"
            ],
            "markers": "python_version >= '2.7' and python_version not in '3.0, 3.1, 3.2, 3.3'",
            "version": "==1.16.0"
        },
        "termcolor": {
            "hashes": [
                "sha256:3afb05607b89aed0ffe25202399ee0867ad4d3cb4180d98aaf8eefa6a5f7d475",
                "sha256:b5b08f68937f138fe92f6c089b99f1e2da0ae56c52b78bf7075fd95420fd9a5a"
            ],
            "markers": "python_version >= '3.7'",
            "version": "==2.3.0"
        }
    },
    "develop": {}
}
